
Microsoft Visual Studio Solution File, Format Version 12.00
# Visual Studio Version 17
VisualStudioVersion = 17.12.35521.163
MinimumVisualStudioVersion = 10.0.40219.1
Project("{FAE04EC0-301F-11D3-BF4B-00C04F79EFBC}") = "PredatorPrey.Core", "PredatorPrey.Core\PredatorPrey.Core.csproj", "{3597C75C-AFF9-44DE-97E0-ACCF72763D34}"
EndProject
Project("{FAE04EC0-301F-11D3-BF4B-00C04F79EFBC}") = "PredatorPrey.App", "PredatorPrey.App\PredatorPrey.App.csproj", "{A269E992-3A57-4479-8B09-BD224BDE9AE2}"
EndProject
Global
	GlobalSection(SolutionConfigurationPlatforms) = preSolution
		Debug|Any CPU = Debug|Any CPU
		Release|Any CPU = Release|Any CPU
	EndGlobalSection
	GlobalSection(ProjectConfigurationPlatforms) = postSolution
		{3597C75C-AFF9-44DE-97E0-ACCF72763D34}.Debug|Any CPU.ActiveCfg = Debug|Any CPU
		{3597C75C-AFF9-44DE-97E0-ACCF72763D34}.Debug|Any CPU.Build.0 = Debug|Any CPU
		{3597C75C-AFF9-44DE-97E0-ACCF72763D34}.Release|Any CPU.ActiveCfg = Release|Any CPU
		{3597C75C-AFF9-44DE-97E0-ACCF72763D34}.Release|Any CPU.Build.0 = Release|Any CPU
		{A269E992-3A57-4479-8B09-BD224BDE9AE2}.Debug|Any CPU.ActiveCfg = Debug|Any CPU
		{A269E992-3A57-4479-8B09-BD224BDE9AE2}.Debug|Any CPU.Build.0 = Debug|Any CPU
		{A269E992-3A57-4479-8B09-BD224BDE9AE2}.Release|Any CPU.ActiveCfg = Release|Any CPU
		{A269E992-3A57-4479-8B09-BD224BDE9AE2}.Release|Any CPU.Build.0 = Release|Any CPU
	EndGlobalSection
	GlobalSection(SolutionProperties) = preSolution
		HideSolutionNode = FALSE
	EndGlobalSection
EndGlobal
